
Microsoft Visual Studio Solution File, Format Version 12.00
# Visual Studio Version 16
VisualStudioVersion = 16.0.29209.152
MinimumVisualStudioVersion = 10.0.40219.1
Project("{FAE04EC0-301F-11D3-BF4B-00C04F79EFBC}") = "MarioKartTour-Zst-Decompress", "MarioKartTour-Zst-Decompress\MarioKartTour-Zst-Decompress.csproj", "{BBFD9417-AD72-4A44-9C3F-53F8D087DB28}"
EndProject
Global
	GlobalSection(SolutionConfigurationPlatforms) = preSolution
		Debug|Any CPU = Debug|Any CPU
		Release|Any CPU = Release|Any CPU
	EndGlobalSection
	GlobalSection(ProjectConfigurationPlatforms) = postSolution
		{BBFD9417-AD72-4A44-9C3F-53F8D087DB28}.Debug|Any CPU.ActiveCfg = Debug|Any CPU
		{BBFD9417-AD72-4A44-9C3F-53F8D087DB28}.Debug|Any CPU.Build.0 = Debug|Any CPU
		{BBFD9417-AD72-4A44-9C3F-53F8D087DB28}.Release|Any CPU.ActiveCfg = Release|Any CPU
		{BBFD9417-AD72-4A44-9C3F-53F8D087DB28}.Release|Any CPU.Build.0 = Release|Any CPU
	EndGlobalSection
	GlobalSection(SolutionProperties) = preSolution
		HideSolutionNode = FALSE
	EndGlobalSection
	GlobalSection(ExtensibilityGlobals) = postSolution
		SolutionGuid = {AAA62F14-80EF-4C4A-8ED6-9BB4C58CF518}
	EndGlobalSection
EndGlobal
